
Microsoft Visual Studio Solution File, Format Version 12.00
# Visual Studio Version 17
VisualStudioVersion = 17.1.32407.343
MinimumVisualStudioVersion = 10.0.40219.1
Project("{2150E333-8FDC-42A3-9474-1A3956D46DE8}") = "src", "src", "{E8A64ED1-D613-4774-8DCD-0998DE3EFDA8}"
EndProject
Project("{2150E333-8FDC-42A3-9474-1A3956D46DE8}") = "Services", "Services", "{7E6C35D2-0F9F-43F9-864F-01C003FD7DAE}"
EndProject
Project("{2150E333-8FDC-42A3-9474-1A3956D46DE8}") = "Web", "Web", "{C5216BAA-08EA-4AB2-B463-61F2FFD6D16F}"
EndProject
Project("{2150E333-8FDC-42A3-9474-1A3956D46DE8}") = "Identidade", "Identidade", "{FA45C8F2-3F11-4A9B-9255-6F8D98159553}"
EndProject
Project("{9A19103F-16F7-4668-BE54-9A1E7A4F7556}") = "NSE.Identidade.API", "src\services\NSE.Identidade.API\NSE.Identidade.API.csproj", "{808DB366-97BE-4895-B0D6-1C3BA0F4F059}"
EndProject
Project("{2150E333-8FDC-42A3-9474-1A3956D46DE8}") = "MVC", "MVC", "{E9C17741-51E5-479A-8167-3EF467D29BCB}"
EndProject
Project("{9A19103F-16F7-4668-BE54-9A1E7A4F7556}") = "NSE.WebApp.MVC", "src\web\NSE.WebApp.MVC\NSE.WebApp.MVC.csproj", "{1EF12156-96F7-454D-88EB-80516532F4AB}"
EndProject
Project("{2150E333-8FDC-42A3-9474-1A3956D46DE8}") = "Carrinho", "Carrinho", "{F4C5BB99-0ECC-4F7B-9C35-D46BDBBE3CD6}"
EndProject
Project("{9A19103F-16F7-4668-BE54-9A1E7A4F7556}") = "NSE.Carrinho.API", "src\services\NSE.Carrinho.API\NSE.Carrinho.API.csproj", "{20239B90-C587-4241-A603-BD63F89FCACC}"
EndProject
Project("{2150E333-8FDC-42A3-9474-1A3956D46DE8}") = "Catalogo", "Catalogo", "{4A09473F-A37D-4BCA-9414-BB53C4116BAF}"
EndProject
Project("{9A19103F-16F7-4668-BE54-9A1E7A4F7556}") = "NSE.Catalogo.API", "src\services\NSE.Catalogo.API\NSE.Catalogo.API.csproj", "{8299F13B-E44A-42D9-BDF7-7B9D9B18322F}"
EndProject
Project("{2150E333-8FDC-42A3-9474-1A3956D46DE8}") = "Cliente", "Cliente", "{1D23BF8A-AEF2-49A6-B93F-71D3B71913D1}"
EndProject
Project("{9A19103F-16F7-4668-BE54-9A1E7A4F7556}") = "NSE.Cliente.API", "src\services\NSE.Cliente.API\NSE.Cliente.API.csproj", "{3AD29485-3986-4F9C-9A2C-725C526C048C}"
EndProject
Project("{2150E333-8FDC-42A3-9474-1A3956D46DE8}") = "Pagamento", "Pagamento", "{F26F245C-8159-43C7-9AED-A00BF269A188}"
EndProject
Project("{9A19103F-16F7-4668-BE54-9A1E7A4F7556}") = "NSE.Pagamento.API", "src\services\NSE.Pagamento.API\NSE.Pagamento.API.csproj", "{D67DF89D-C7AE-4861-9D97-7EB5E50F028B}"
EndProject
Project("{2150E333-8FDC-42A3-9474-1A3956D46DE8}") = "Pedido", "Pedido", "{B7D824E2-2EA4-4EEA-9D4E-5C0487DBC0F3}"
EndProject
Project("{9A19103F-16F7-4668-BE54-9A1E7A4F7556}") = "NSE.Pedido.API", "src\services\NSE.Pedido.API\NSE.Pedido.API.csproj", "{27A53159-3655-4ABE-AE9F-88EB5B747136}"
EndProject
Project("{2150E333-8FDC-42A3-9474-1A3956D46DE8}") = "building blocks", "building blocks", "{56C7F126-6386-4331-BC1F-F0D2646AF748}"
EndProject
Project("{9A19103F-16F7-4668-BE54-9A1E7A4F7556}") = "NSE.WebApi.Core", "src\Building Blocks\Services\NSE.WebApi.Core\NSE.WebApi.Core.csproj", "{4696BDF2-4BF1-4051-A7F6-6D9B5D6CB807}"
EndProject
Project("{2150E333-8FDC-42A3-9474-1A3956D46DE8}") = "Services", "Services", "{DB49E728-38F2-4EC2-A6EC-AF394EF59431}"
EndProject
Project("{2150E333-8FDC-42A3-9474-1A3956D46DE8}") = "Core", "Core", "{DF2B83DE-22B6-449B-8DCD-9393AEB1E819}"
EndProject
Project("{9A19103F-16F7-4668-BE54-9A1E7A4F7556}") = "NSE.Core", "src\Building Blocks\Core\NSE.Core.csproj", "{1471923A-77B4-4F3E-9BBA-01BA0DB744FC}"
EndProject
Global
	GlobalSection(SolutionConfigurationPlatforms) = preSolution
		Debug|Any CPU = Debug|Any CPU
		Release|Any CPU = Release|Any CPU
	EndGlobalSection
	GlobalSection(ProjectConfigurationPlatforms) = postSolution
		{808DB366-97BE-4895-B0D6-1C3BA0F4F059}.Debug|Any CPU.ActiveCfg = Debug|Any CPU
		{808DB366-97BE-4895-B0D6-1C3BA0F4F059}.Debug|Any CPU.Build.0 = Debug|Any CPU
		{808DB366-97BE-4895-B0D6-1C3BA0F4F059}.Release|Any CPU.ActiveCfg = Release|Any CPU
		{808DB366-97BE-4895-B0D6-1C3BA0F4F059}.Release|Any CPU.Build.0 = Release|Any CPU
		{1EF12156-96F7-454D-88EB-80516532F4AB}.Debug|Any CPU.ActiveCfg = Debug|Any CPU
		{1EF12156-96F7-454D-88EB-80516532F4AB}.Debug|Any CPU.Build.0 = Debug|Any CPU
		{1EF12156-96F7-454D-88EB-80516532F4AB}.Release|Any CPU.ActiveCfg = Release|Any CPU
		{1EF12156-96F7-454D-88EB-80516532F4AB}.Release|Any CPU.Build.0 = Release|Any CPU
		{20239B90-C587-4241-A603-BD63F89FCACC}.Debug|Any CPU.ActiveCfg = Debug|Any CPU
		{20239B90-C587-4241-A603-BD63F89FCACC}.Debug|Any CPU.Build.0 = Debug|Any CPU
		{20239B90-C587-4241-A603-BD63F89FCACC}.Release|Any CPU.ActiveCfg = Release|Any CPU
		{20239B90-C587-4241-A603-BD63F89FCACC}.Release|Any CPU.Build.0 = Release|Any CPU
		{8299F13B-E44A-42D9-BDF7-7B9D9B18322F}.Debug|Any CPU.ActiveCfg = Debug|Any CPU
		{8299F13B-E44A-42D9-BDF7-7B9D9B18322F}.Debug|Any CPU.Build.0 = Debug|Any CPU
		{8299F13B-E44A-42D9-BDF7-7B9D9B18322F}.Release|Any CPU.ActiveCfg = Release|Any CPU
		{8299F13B-E44A-42D9-BDF7-7B9D9B18322F}.Release|Any CPU.Build.0 = Release|Any CPU
		{3AD29485-3986-4F9C-9A2C-725C526C048C}.Debug|Any CPU.ActiveCfg = Debug|Any CPU
		{3AD29485-3986-4F9C-9A2C-725C526C048C}.Debug|Any CPU.Build.0 = Debug|Any CPU
		{3AD29485-3986-4F9C-9A2C-725C526C048C}.Release|Any CPU.ActiveCfg = Release|Any CPU
		{3AD29485-3986-4F9C-9A2C-725C526C048C}.Release|Any CPU.Build.0 = Release|Any CPU
		{D67DF89D-C7AE-4861-9D97-7EB5E50F028B}.Debug|Any CPU.ActiveCfg = Debug|Any CPU
		{D67DF89D-C7AE-4861-9D97-7EB5E50F028B}.Debug|Any CPU.Build.0 = Debug|Any CPU
		{D67DF89D-C7AE-4861-9D97-7EB5E50F028B}.Release|Any CPU.ActiveCfg = Release|Any CPU
		{D67DF89D-C7AE-4861-9D97-7EB5E50F028B}.Release|Any CPU.Build.0 = Release|Any CPU
		{27A53159-3655-4ABE-AE9F-88EB5B747136}.Debug|Any CPU.ActiveCfg = Debug|Any CPU
		{27A53159-3655-4ABE-AE9F-88EB5B747136}.Debug|Any CPU.Build.0 = Debug|Any CPU
		{27A53159-3655-4ABE-AE9F-88EB5B747136}.Release|Any CPU.ActiveCfg = Release|Any CPU
		{27A53159-3655-4ABE-AE9F-88EB5B747136}.Release|Any CPU.Build.0 = Release|Any CPU
		{4696BDF2-4BF1-4051-A7F6-6D9B5D6CB807}.Debug|Any CPU.ActiveCfg = Debug|Any CPU
		{4696BDF2-4BF1-4051-A7F6-6D9B5D6CB807}.Debug|Any CPU.Build.0 = Debug|Any CPU
		{4696BDF2-4BF1-4051-A7F6-6D9B5D6CB807}.Release|Any CPU.ActiveCfg = Release|Any CPU
		{4696BDF2-4BF1-4051-A7F6-6D9B5D6CB807}.Release|Any CPU.Build.0 = Release|Any CPU
		{1471923A-77B4-4F3E-9BBA-01BA0DB744FC}.Debug|Any CPU.ActiveCfg = Debug|Any CPU
		{1471923A-77B4-4F3E-9BBA-01BA0DB744FC}.Debug|Any CPU.Build.0 = Debug|Any CPU
		{1471923A-77B4-4F3E-9BBA-01BA0DB744FC}.Release|Any CPU.ActiveCfg = Release|Any CPU
		{1471923A-77B4-4F3E-9BBA-01BA0DB744FC}.Release|Any CPU.Build.0 = Release|Any CPU
	EndGlobalSection
	GlobalSection(SolutionProperties) = preSolution
		HideSolutionNode = FALSE
	EndGlobalSection
	GlobalSection(NestedProjects) = preSolution
		{7E6C35D2-0F9F-43F9-864F-01C003FD7DAE} = {E8A64ED1-D613-4774-8DCD-0998DE3EFDA8}
		{C5216BAA-08EA-4AB2-B463-61F2FFD6D16F} = {E8A64ED1-D613-4774-8DCD-0998DE3EFDA8}
		{FA45C8F2-3F11-4A9B-9255-6F8D98159553} = {7E6C35D2-0F9F-43F9-864F-01C003FD7DAE}
		{808DB366-97BE-4895-B0D6-1C3BA0F4F059} = {FA45C8F2-3F11-4A9B-9255-6F8D98159553}
		{E9C17741-51E5-479A-8167-3EF467D29BCB} = {C5216BAA-08EA-4AB2-B463-61F2FFD6D16F}
		{1EF12156-96F7-454D-88EB-80516532F4AB} = {E9C17741-51E5-479A-8167-3EF467D29BCB}
		{F4C5BB99-0ECC-4F7B-9C35-D46BDBBE3CD6} = {7E6C35D2-0F9F-43F9-864F-01C003FD7DAE}
		{20239B90-C587-4241-A603-BD63F89FCACC} = {F4C5BB99-0ECC-4F7B-9C35-D46BDBBE3CD6}
		{4A09473F-A37D-4BCA-9414-BB53C4116BAF} = {7E6C35D2-0F9F-43F9-864F-01C003FD7DAE}
		{8299F13B-E44A-42D9-BDF7-7B9D9B18322F} = {4A09473F-A37D-4BCA-9414-BB53C4116BAF}
		{1D23BF8A-AEF2-49A6-B93F-71D3B71913D1} = {7E6C35D2-0F9F-43F9-864F-01C003FD7DAE}
		{3AD29485-3986-4F9C-9A2C-725C526C048C} = {1D23BF8A-AEF2-49A6-B93F-71D3B71913D1}
		{F26F245C-8159-43C7-9AED-A00BF269A188} = {7E6C35D2-0F9F-43F9-864F-01C003FD7DAE}
		{D67DF89D-C7AE-4861-9D97-7EB5E50F028B} = {F26F245C-8159-43C7-9AED-A00BF269A188}
		{B7D824E2-2EA4-4EEA-9D4E-5C0487DBC0F3} = {7E6C35D2-0F9F-43F9-864F-01C003FD7DAE}
		{27A53159-3655-4ABE-AE9F-88EB5B747136} = {B7D824E2-2EA4-4EEA-9D4E-5C0487DBC0F3}
		{56C7F126-6386-4331-BC1F-F0D2646AF748} = {E8A64ED1-D613-4774-8DCD-0998DE3EFDA8}
		{4696BDF2-4BF1-4051-A7F6-6D9B5D6CB807} = {DB49E728-38F2-4EC2-A6EC-AF394EF59431}
		{DB49E728-38F2-4EC2-A6EC-AF394EF59431} = {56C7F126-6386-4331-BC1F-F0D2646AF748}
		{DF2B83DE-22B6-449B-8DCD-9393AEB1E819} = {56C7F126-6386-4331-BC1F-F0D2646AF748}
		{1471923A-77B4-4F3E-9BBA-01BA0DB744FC} = {DF2B83DE-22B6-449B-8DCD-9393AEB1E819}
	EndGlobalSection
	GlobalSection(ExtensibilityGlobals) = postSolution
		SolutionGuid = {F605F263-82E8-4B8A-BFE2-70DEB3681A2B}
	EndGlobalSection
EndGlobal
